
Microsoft Visual Studio Solution File, Format Version 12.00
# Visual Studio Version 16
VisualStudioVersion = 16.0.30717.126
MinimumVisualStudioVersion = 10.0.40219.1
Project("{FAE04EC0-301F-11D3-BF4B-00C04F79EFBC}") = "Lab 2.8", "Lab 2.8\Lab 2.8.csproj", "{7DEAF78A-1FD3-4E43-BF21-BABF55A8775C}"
EndProject
Global
	GlobalSection(SolutionConfigurationPlatforms) = preSolution
		Debug|Any CPU = Debug|Any CPU
		Release|Any CPU = Release|Any CPU
	EndGlobalSection
	GlobalSection(ProjectConfigurationPlatforms) = postSolution
		{7DEAF78A-1FD3-4E43-BF21-BABF55A8775C}.Debug|Any CPU.ActiveCfg = Debug|Any CPU
		{7DEAF78A-1FD3-4E43-BF21-BABF55A8775C}.Debug|Any CPU.Build.0 = Debug|Any CPU
		{7DEAF78A-1FD3-4E43-BF21-BABF55A8775C}.Release|Any CPU.ActiveCfg = Release|Any CPU
		{7DEAF78A-1FD3-4E43-BF21-BABF55A8775C}.Release|Any CPU.Build.0 = Release|Any CPU
	EndGlobalSection
	GlobalSection(SolutionProperties) = preSolution
		HideSolutionNode = FALSE
	EndGlobalSection
	GlobalSection(ExtensibilityGlobals) = postSolution
		SolutionGuid = {176D9866-E9A8-4FB2-A46E-0BE9D64399B2}
	EndGlobalSection
EndGlobal
